// !$*UTF8*$!
{
	archiveVersion = 1;
	classes = {
	};
	objectVersion = 77;
	objects = {

/* Begin PBXBuildFile section */
		41E0192C424B9714D2C14693 /* PrivacyInfo.xcprivacy in Resources */ = {isa = PBXBuildFile; fileRef = 38BC7DC251A2D5F631C4964C /* PrivacyInfo.xcprivacy */; };
		A5B044EDC6D8AB520FBB5DDA /* Pods_Swiftynote.framework in Frameworks */ = {isa = PBXBuildFile; fileRef = E936EB3208F694D2356A1F53 /* Pods_Swiftynote.framework */; };
/* End PBXBuildFile section */

/* Begin PBXContainerItemProxy section */
		2B4F15362D195180004B8838 /* PBXContainerItemProxy */ = {
			isa = PBXContainerItemProxy;
			containerPortal = 2B4F15172D19517E004B8838 /* Project object */;
			proxyType = 1;
			remoteGlobalIDString = 2B4F151E2D19517E004B8838;
			remoteInfo = swiftynote;
		};
		2B4F15402D195180004B8838 /* PBXContainerItemProxy */ = {
			isa = PBXContainerItemProxy;
			containerPortal = 2B4F15172D19517E004B8838 /* Project object */;
			proxyType = 1;
			remoteGlobalIDString = 2B4F151E2D19517E004B8838;
			remoteInfo = swiftynote;
		};
/* End PBXContainerItemProxy section */

/* Begin PBXFileReference section */
		2B4F151F2D19517E004B8838 /* Swiftynote.app */ = {isa = PBXFileReference; explicitFileType = wrapper.application; includeInIndex = 0; path = Swiftynote.app; sourceTree = BUILT_PRODUCTS_DIR; };
		2B4F15352D195180004B8838 /* SwiftynoteTests.xctest */ = {isa = PBXFileReference; explicitFileType = wrapper.cfbundle; includeInIndex = 0; path = SwiftynoteTests.xctest; sourceTree = BUILT_PRODUCTS_DIR; };
		2B4F153F2D195180004B8838 /* SwiftynoteUITests.xctest */ = {isa = PBXFileReference; explicitFileType = wrapper.cfbundle; includeInIndex = 0; path = SwiftynoteUITests.xctest; sourceTree = BUILT_PRODUCTS_DIR; };
		38BC7DC251A2D5F631C4964C /* PrivacyInfo.xcprivacy */ = {isa = PBXFileReference; includeInIndex = 1; lastKnownFileType = text.xml; path = PrivacyInfo.xcprivacy; sourceTree = "<group>"; };
		7DC4FF0407349FA46EDC41C3 /* Pods-Swiftynote.release.xcconfig */ = {isa = PBXFileReference; includeInIndex = 1; lastKnownFileType = text.xcconfig; name = "Pods-Swiftynote.release.xcconfig"; path = "Target Support Files/Pods-Swiftynote/Pods-Swiftynote.release.xcconfig"; sourceTree = "<group>"; };
		899A3FF140E8B7A0B47AACBE /* Pods-swiftynote.debug.xcconfig */ = {isa = PBXFileReference; includeInIndex = 1; lastKnownFileType = text.xcconfig; name = "Pods-swiftynote.debug.xcconfig"; path = "Target Support Files/Pods-swiftynote/Pods-swiftynote.debug.xcconfig"; sourceTree = "<group>"; };
		A4ADA499517AEF027CCA9A9D /* Pods-swiftynote.release.xcconfig */ = {isa = PBXFileReference; includeInIndex = 1; lastKnownFileType = text.xcconfig; name = "Pods-swiftynote.release.xcconfig"; path = "Target Support Files/Pods-swiftynote/Pods-swiftynote.release.xcconfig"; sourceTree = "<group>"; };
		E936EB3208F694D2356A1F53 /* Pods_Swiftynote.framework */ = {isa = PBXFileReference; explicitFileType = wrapper.framework; includeInIndex = 0; path = Pods_Swiftynote.framework; sourceTree = BUILT_PRODUCTS_DIR; };
		FAD5855A7342330686226888 /* Pods-Swiftynote.debug.xcconfig */ = {isa = PBXFileReference; includeInIndex = 1; lastKnownFileType = text.xcconfig; name = "Pods-Swiftynote.debug.xcconfig"; path = "Target Support Files/Pods-Swiftynote/Pods-Swiftynote.debug.xcconfig"; sourceTree = "<group>"; };
/* End PBXFileReference section */

/* Begin PBXFileSystemSynchronizedBuildFileExceptionSet section */
		2B4F15472D195180004B8838 /* Exceptions for "Swiftynote" folder in "Swiftynote" target */ = {
			isa = PBXFileSystemSynchronizedBuildFileExceptionSet;
			membershipExceptions = (
				Info.plist,
			);
			target = 2B4F151E2D19517E004B8838 /* Swiftynote */;
		};
/* End PBXFileSystemSynchronizedBuildFileExceptionSet section */

/* Begin PBXFileSystemSynchronizedRootGroup section */
		2B4F15212D19517E004B8838 /* Swiftynote */ = {
			isa = PBXFileSystemSynchronizedRootGroup;
			exceptions = (
				2B4F15472D195180004B8838 /* Exceptions for "Swiftynote" folder in "Swiftynote" target */,
			);
			path = Swiftynote;
			sourceTree = "<group>";
		};
		2B4F15382D195180004B8838 /* SwiftynoteTests */ = {
			isa = PBXFileSystemSynchronizedRootGroup;
			path = SwiftynoteTests;
			sourceTree = "<group>";
		};
		2B4F15422D195180004B8838 /* SwiftynoteUITests */ = {
			isa = PBXFileSystemSynchronizedRootGroup;
			path = SwiftynoteUITests;
			sourceTree = "<group>";
		};
		2BCBC9932D2E70580016CB0D /* Config */ = {
			isa = PBXFileSystemSynchronizedRootGroup;
			path = Config;
			sourceTree = "<group>";
		};
/* End PBXFileSystemSynchronizedRootGroup section */

/* Begin PBXFrameworksBuildPhase section */
		2B4F151C2D19517E004B8838 /* Frameworks */ = {
			isa = PBXFrameworksBuildPhase;
			buildActionMask = 2147483647;
			files = (
				A5B044EDC6D8AB520FBB5DDA /* Pods_Swiftynote.framework in Frameworks */,
			);
			runOnlyForDeploymentPostprocessing = 0;
		};
		2B4F15322D195180004B8838 /* Frameworks */ = {
			isa = PBXFrameworksBuildPhase;
			buildActionMask = 2147483647;
			files = (
			);
			runOnlyForDeploymentPostprocessing = 0;
		};
		2B4F153C2D195180004B8838 /* Frameworks */ = {
			isa = PBXFrameworksBuildPhase;
			buildActionMask = 2147483647;
			files = (
			);
			runOnlyForDeploymentPostprocessing = 0;
		};
/* End PBXFrameworksBuildPhase section */

/* Begin PBXGroup section */
		2B4F15162D19517E004B8838 = {
			isa = PBXGroup;
			children = (
				2BCBC9932D2E70580016CB0D /* Config */,
				2B4F15212D19517E004B8838 /* Swiftynote */,
				2B4F15382D195180004B8838 /* SwiftynoteTests */,
				2B4F15422D195180004B8838 /* SwiftynoteUITests */,
				2B4F15202D19517E004B8838 /* Products */,
				38BC7DC251A2D5F631C4964C /* PrivacyInfo.xcprivacy */,
				57769EE4326463C812E4EF27 /* Pods */,
				59591DDA0E41458348C0B1F2 /* Frameworks */,
			);
			sourceTree = "<group>";
		};
		2B4F15202D19517E004B8838 /* Products */ = {
			isa = PBXGroup;
			children = (
				2B4F151F2D19517E004B8838 /* Swiftynote.app */,
				2B4F15352D195180004B8838 /* SwiftynoteTests.xctest */,
				2B4F153F2D195180004B8838 /* SwiftynoteUITests.xctest */,
			);
			name = Products;
			sourceTree = "<group>";
		};
		57769EE4326463C812E4EF27 /* Pods */ = {
			isa = PBXGroup;
			children = (
				899A3FF140E8B7A0B47AACBE /* Pods-swiftynote.debug.xcconfig */,
				A4ADA499517AEF027CCA9A9D /* Pods-swiftynote.release.xcconfig */,
				FAD5855A7342330686226888 /* Pods-Swiftynote.debug.xcconfig */,
				7DC4FF0407349FA46EDC41C3 /* Pods-Swiftynote.release.xcconfig */,
			);
			path = Pods;
			sourceTree = "<group>";
		};
		59591DDA0E41458348C0B1F2 /* Frameworks */ = {
			isa = PBXGroup;
			children = (
				E936EB3208F694D2356A1F53 /* Pods_Swiftynote.framework */,
			);
			name = Frameworks;
			sourceTree = "<group>";
		};
/* End PBXGroup section */

/* Begin PBXNativeTarget section */
		2B4F151E2D19517E004B8838 /* Swiftynote */ = {
			isa = PBXNativeTarget;
			buildConfigurationList = 2B4F15482D195180004B8838 /* Build configuration list for PBXNativeTarget "Swiftynote" */;
			buildPhases = (
				6DD3C3B00E1FB9231A821BAC /* [CP] Check Pods Manifest.lock */,
				2B4F151B2D19517E004B8838 /* Sources */,
				2B4F151C2D19517E004B8838 /* Frameworks */,
				2B4F151D2D19517E004B8838 /* Resources */,
				32A0692EC5AE8576B4B6B1EC /* [CP] Embed Pods Frameworks */,
				67C8C771C48FBA235428795B /* [CP] Copy Pods Resources */,
				2B4F17212D1A3EC7004B8838 /* Show env */,
			);
			buildRules = (
			);
			dependencies = (
			);
			fileSystemSynchronizedGroups = (
				2B4F15212D19517E004B8838 /* Swiftynote */,
			);
			name = Swiftynote;
			productName = swiftynote;
			productReference = 2B4F151F2D19517E004B8838 /* Swiftynote.app */;
			productType = "com.apple.product-type.application";
		};
		2B4F15342D195180004B8838 /* SwiftynoteTests */ = {
			isa = PBXNativeTarget;
			buildConfigurationList = 2B4F154D2D195180004B8838 /* Build configuration list for PBXNativeTarget "SwiftynoteTests" */;
			buildPhases = (
				2B4F15312D195180004B8838 /* Sources */,
				2B4F15322D195180004B8838 /* Frameworks */,
				2B4F15332D195180004B8838 /* Resources */,
			);
			buildRules = (
			);
			dependencies = (
				2B4F15372D195180004B8838 /* PBXTargetDependency */,
			);
			fileSystemSynchronizedGroups = (
				2B4F15382D195180004B8838 /* SwiftynoteTests */,
			);
			name = SwiftynoteTests;
			productName = swiftynoteTests;
			productReference = 2B4F15352D195180004B8838 /* SwiftynoteTests.xctest */;
			productType = "com.apple.product-type.bundle.unit-test";
		};
		2B4F153E2D195180004B8838 /* SwiftynoteUITests */ = {
			isa = PBXNativeTarget;
			buildConfigurationList = 2B4F15502D195180004B8838 /* Build configuration list for PBXNativeTarget "SwiftynoteUITests" */;
			buildPhases = (
				2B4F153B2D195180004B8838 /* Sources */,
				2B4F153C2D195180004B8838 /* Frameworks */,
				2B4F153D2D195180004B8838 /* Resources */,
			);
			buildRules = (
			);
			dependencies = (
				2B4F15412D195180004B8838 /* PBXTargetDependency */,
			);
			fileSystemSynchronizedGroups = (
				2B4F15422D195180004B8838 /* SwiftynoteUITests */,
			);
			name = SwiftynoteUITests;
			productName = swiftynoteUITests;
			productReference = 2B4F153F2D195180004B8838 /* SwiftynoteUITests.xctest */;
			productType = "com.apple.product-type.bundle.ui-testing";
		};
/* End PBXNativeTarget section */

/* Begin PBXProject section */
		2B4F15172D19517E004B8838 /* Project object */ = {
			isa = PBXProject;
			attributes = {
				BuildIndependentTargetsInParallel = 1;
				LastSwiftUpdateCheck = 1610;
				LastUpgradeCheck = 1610;
				TargetAttributes = {
					2B4F151E2D19517E004B8838 = {
						CreatedOnToolsVersion = 16.1;
					};
					2B4F15342D195180004B8838 = {
						CreatedOnToolsVersion = 16.1;
						TestTargetID = 2B4F151E2D19517E004B8838;
					};
					2B4F153E2D195180004B8838 = {
						CreatedOnToolsVersion = 16.1;
						TestTargetID = 2B4F151E2D19517E004B8838;
					};
				};
			};
			buildConfigurationList = 2B4F151A2D19517E004B8838 /* Build configuration list for PBXProject "Swiftynote" */;
			developmentRegion = en;
			hasScannedForEncodings = 0;
			knownRegions = (
				en,
				Base,
			);
			mainGroup = 2B4F15162D19517E004B8838;
			minimizedProjectReferenceProxies = 1;
			preferredProjectObjectVersion = 77;
			productRefGroup = 2B4F15202D19517E004B8838 /* Products */;
			projectDirPath = "";
			projectRoot = "";
			targets = (
				2B4F151E2D19517E004B8838 /* Swiftynote */,
				2B4F15342D195180004B8838 /* SwiftynoteTests */,
				2B4F153E2D195180004B8838 /* SwiftynoteUITests */,
			);
		};
/* End PBXProject section */

/* Begin PBXResourcesBuildPhase section */
		2B4F151D2D19517E004B8838 /* Resources */ = {
			isa = PBXResourcesBuildPhase;
			buildActionMask = 2147483647;
			files = (
				41E0192C424B9714D2C14693 /* PrivacyInfo.xcprivacy in Resources */,
			);
			runOnlyForDeploymentPostprocessing = 0;
		};
		2B4F15332D195180004B8838 /* Resources */ = {
			isa = PBXResourcesBuildPhase;
			buildActionMask = 2147483647;
			files = (
			);
			runOnlyForDeploymentPostprocessing = 0;
		};
		2B4F153D2D195180004B8838 /* Resources */ = {
			isa = PBXResourcesBuildPhase;
			buildActionMask = 2147483647;
			files = (
			);
			runOnlyForDeploymentPostprocessing = 0;
		};
/* End PBXResourcesBuildPhase section */

/* Begin PBXShellScriptBuildPhase section */
		2B4F17212D1A3EC7004B8838 /* Show env */ = {
			isa = PBXShellScriptBuildPhase;
			buildActionMask = 2147483647;
			files = (
			);
			inputFileListPaths = (
			);
			inputPaths = (
			);
			name = "Show env";
			outputFileListPaths = (
			);
			outputPaths = (
			);
			runOnlyForDeploymentPostprocessing = 0;
			shellPath = /bin/sh;
			shellScript = "# Type a script or drag a script file from your workspace to insert its path.\nenv\n";
		};
		32A0692EC5AE8576B4B6B1EC /* [CP] Embed Pods Frameworks */ = {
			isa = PBXShellScriptBuildPhase;
			buildActionMask = 2147483647;
			files = (
			);
			inputFileListPaths = (
				"${PODS_ROOT}/Target Support Files/Pods-Swiftynote/Pods-Swiftynote-frameworks-${CONFIGURATION}-input-files.xcfilelist",
			);
			name = "[CP] Embed Pods Frameworks";
			outputFileListPaths = (
				"${PODS_ROOT}/Target Support Files/Pods-Swiftynote/Pods-Swiftynote-frameworks-${CONFIGURATION}-output-files.xcfilelist",
			);
			runOnlyForDeploymentPostprocessing = 0;
			shellPath = /bin/sh;
			shellScript = "\"${PODS_ROOT}/Target Support Files/Pods-Swiftynote/Pods-Swiftynote-frameworks.sh\"\n";
			showEnvVarsInLog = 0;
		};
		67C8C771C48FBA235428795B /* [CP] Copy Pods Resources */ = {
			isa = PBXShellScriptBuildPhase;
			buildActionMask = 2147483647;
			files = (
			);
			inputFileListPaths = (
				"${PODS_ROOT}/Target Support Files/Pods-Swiftynote/Pods-Swiftynote-resources-${CONFIGURATION}-input-files.xcfilelist",
			);
			name = "[CP] Copy Pods Resources";
			outputFileListPaths = (
				"${PODS_ROOT}/Target Support Files/Pods-Swiftynote/Pods-Swiftynote-resources-${CONFIGURATION}-output-files.xcfilelist",
			);
			runOnlyForDeploymentPostprocessing = 0;
			shellPath = /bin/sh;
			shellScript = "\"${PODS_ROOT}/Target Support Files/Pods-Swiftynote/Pods-Swiftynote-resources.sh\"\n";
			showEnvVarsInLog = 0;
		};
		6DD3C3B00E1FB9231A821BAC /* [CP] Check Pods Manifest.lock */ = {
			isa = PBXShellScriptBuildPhase;
			buildActionMask = 2147483647;
			files = (
			);
			inputFileListPaths = (
			);
			inputPaths = (
				"${PODS_PODFILE_DIR_PATH}/Podfile.lock",
				"${PODS_ROOT}/Manifest.lock",
			);
			name = "[CP] Check Pods Manifest.lock";
			outputFileListPaths = (
			);
			outputPaths = (
				"$(DERIVED_FILE_DIR)/Pods-Swiftynote-checkManifestLockResult.txt",
			);
			runOnlyForDeploymentPostprocessing = 0;
			shellPath = /bin/sh;
			shellScript = "diff \"${PODS_PODFILE_DIR_PATH}/Podfile.lock\" \"${PODS_ROOT}/Manifest.lock\" > /dev/null\nif [ $? != 0 ] ; then\n    # print error to STDERR\n    echo \"error: The sandbox is not in sync with the Podfile.lock. Run 'pod install' or update your CocoaPods installation.\" >&2\n    exit 1\nfi\n# This output is used by Xcode 'outputs' to avoid re-running this script phase.\necho \"SUCCESS\" > \"${SCRIPT_OUTPUT_FILE_0}\"\n";
			showEnvVarsInLog = 0;
		};
/* End PBXShellScriptBuildPhase section */

/* Begin PBXSourcesBuildPhase section */
		2B4F151B2D19517E004B8838 /* Sources */ = {
			isa = PBXSourcesBuildPhase;
			buildActionMask = 2147483647;
			files = (
			);
			runOnlyForDeploymentPostprocessing = 0;
		};
		2B4F15312D195180004B8838 /* Sources */ = {
			isa = PBXSourcesBuildPhase;
			buildActionMask = 2147483647;
			files = (
			);
			runOnlyForDeploymentPostprocessing = 0;
		};
		2B4F153B2D195180004B8838 /* Sources */ = {
			isa = PBXSourcesBuildPhase;
			buildActionMask = 2147483647;
			files = (
			);
			runOnlyForDeploymentPostprocessing = 0;
		};
/* End PBXSourcesBuildPhase section */

/* Begin PBXTargetDependency section */
		2B4F15372D195180004B8838 /* PBXTargetDependency */ = {
			isa = PBXTargetDependency;
			target = 2B4F151E2D19517E004B8838 /* Swiftynote */;
			targetProxy = 2B4F15362D195180004B8838 /* PBXContainerItemProxy */;
		};
		2B4F15412D195180004B8838 /* PBXTargetDependency */ = {
			isa = PBXTargetDependency;
			target = 2B4F151E2D19517E004B8838 /* Swiftynote */;
			targetProxy = 2B4F15402D195180004B8838 /* PBXContainerItemProxy */;
		};
/* End PBXTargetDependency section */

/* Begin XCBuildConfiguration section */
		2B4F15492D195180004B8838 /* Debug */ = {
			isa = XCBuildConfiguration;
			baseConfigurationReferenceAnchor = 2BCBC9932D2E70580016CB0D /* Config */;
			baseConfigurationReferenceRelativePath = Debug.xcconfig;
			buildSettings = {
				ASSETCATALOG_COMPILER_APPICON_NAME = AppIcon;
				ASSETCATALOG_COMPILER_GLOBAL_ACCENT_COLOR_NAME = AccentColor;
				CODE_SIGN_STYLE = Automatic;
				DEVELOPMENT_TEAM = 3NF59D2CW5;
				ENABLE_USER_SCRIPT_SANDBOXING = NO;
				GENERATE_INFOPLIST_FILE = YES;
				INFOPLIST_FILE = swiftynote/Info.plist;
				INFOPLIST_KEY_UIApplicationSupportsIndirectInputEvents = YES;
				INFOPLIST_KEY_UILaunchStoryboardName = LaunchScreen;
				INFOPLIST_KEY_UIMainStoryboardFile = Main;
				INFOPLIST_KEY_UISupportedInterfaceOrientations_iPad = "UIInterfaceOrientationPortrait UIInterfaceOrientationPortraitUpsideDown UIInterfaceOrientationLandscapeLeft UIInterfaceOrientationLandscapeRight";
				INFOPLIST_KEY_UISupportedInterfaceOrientations_iPhone = "UIInterfaceOrientationPortrait UIInterfaceOrientationLandscapeLeft UIInterfaceOrientationLandscapeRight";
				LD_RUNPATH_SEARCH_PATHS = (
					"$(inherited)",
					"@executable_path/Frameworks",
				);
				PRODUCT_BUNDLE_IDENTIFIER = com.taiyh.swiftynote;
				PRODUCT_NAME = "$(TARGET_NAME)";
				SWIFT_EMIT_LOC_STRINGS = YES;
				SWIFT_VERSION = 5.0;
				TARGETED_DEVICE_FAMILY = "1,2";
			};
			name = Debug;
		};
		2B4F154A2D195180004B8838 /* Release */ = {
			isa = XCBuildConfiguration;
			baseConfigurationReferenceAnchor = 2BCBC9932D2E70580016CB0D /* Config */;
			baseConfigurationReferenceRelativePath = Release.xcconfig;
			buildSettings = {
				ASSETCATALOG_COMPILER_APPICON_NAME = AppIcon;
				ASSETCATALOG_COMPILER_GLOBAL_ACCENT_COLOR_NAME = AccentColor;
				CODE_SIGN_STYLE = Automatic;
				DEVELOPMENT_TEAM = 3NF59D2CW5;
				ENABLE_USER_SCRIPT_SANDBOXING = NO;
				GENERATE_INFOPLIST_FILE = YES;
				INFOPLIST_FILE = swiftynote/Info.plist;
				INFOPLIST_KEY_UIApplicationSupportsIndirectInputEvents = YES;
				INFOPLIST_KEY_UILaunchStoryboardName = LaunchScreen;
				INFOPLIST_KEY_UIMainStoryboardFile = Main;
				INFOPLIST_KEY_UISupportedInterfaceOrientations_iPad = "UIInterfaceOrientationPortrait UIInterfaceOrientationPortraitUpsideDown UIInterfaceOrientationLandscapeLeft UIInterfaceOrientationLandscapeRight";
				INFOPLIST_KEY_UISupportedInterfaceOrientations_iPhone = "UIInterfaceOrientationPortrait UIInterfaceOrientationLandscapeLeft UIInterfaceOrientationLandscapeRight";
				LD_RUNPATH_SEARCH_PATHS = (
					"$(inherited)",
					"@executable_path/Frameworks",
				);
				PRODUCT_BUNDLE_IDENTIFIER = com.taiyh.swiftynote;
				PRODUCT_NAME = "$(TARGET_NAME)";
				SWIFT_EMIT_LOC_STRINGS = YES;
				SWIFT_VERSION = 5.0;
				TARGETED_DEVICE_FAMILY = "1,2";
			};
			name = Release;
		};
		2B4F154B2D195180004B8838 /* Debug */ = {
			isa = XCBuildConfiguration;
			buildSettings = {
				ALWAYS_SEARCH_USER_PATHS = NO;
				ASSETCATALOG_COMPILER_GENERATE_SWIFT_ASSET_SYMBOL_EXTENSIONS = YES;
				CLANG_ANALYZER_NONNULL = YES;
				CLANG_ANALYZER_NUMBER_OBJECT_CONVERSION = YES_AGGRESSIVE;
				CLANG_CXX_LANGUAGE_STANDARD = "c++20";
				CLANG_ENABLE_MODULES = YES;
				CLANG_ENABLE_OBJC_ARC = YES;
				CLANG_ENABLE_OBJC_WEAK = YES;
				CLANG_WARN_BLOCK_CAPTURE_AUTORELEASING = YES;
				CLANG_WARN_BOOL_CONVERSION = YES;
				CLANG_WARN_COMMA = YES;
				CLANG_WARN_CONSTANT_CONVERSION = YES;
				CLANG_WARN_DEPRECATED_OBJC_IMPLEMENTATIONS = YES;
				CLANG_WARN_DIRECT_OBJC_ISA_USAGE = YES_ERROR;
				CLANG_WARN_DOCUMENTATION_COMMENTS = YES;
				CLANG_WARN_EMPTY_BODY = YES;
				CLANG_WARN_ENUM_CONVERSION = YES;
				CLANG_WARN_INFINITE_RECURSION = YES;
				CLANG_WARN_INT_CONVERSION = YES;
				CLANG_WARN_NON_LITERAL_NULL_CONVERSION = YES;
				CLANG_WARN_OBJC_IMPLICIT_RETAIN_SELF = YES;
				CLANG_WARN_OBJC_LITERAL_CONVERSION = YES;
				CLANG_WARN_OBJC_ROOT_CLASS = YES_ERROR;
				CLANG_WARN_QUOTED_INCLUDE_IN_FRAMEWORK_HEADER = YES;
				CLANG_WARN_RANGE_LOOP_ANALYSIS = YES;
				CLANG_WARN_STRICT_PROTOTYPES = YES;
				CLANG_WARN_SUSPICIOUS_MOVE = YES;
				CLANG_WARN_UNGUARDED_AVAILABILITY = YES_AGGRESSIVE;
				CLANG_WARN_UNREACHABLE_CODE = YES;
				CLANG_WARN__DUPLICATE_METHOD_MATCH = YES;
				COPY_PHASE_STRIP = NO;
				DEBUG_INFORMATION_FORMAT = dwarf;
				ENABLE_STRICT_OBJC_MSGSEND = YES;
				ENABLE_TESTABILITY = YES;
				ENABLE_USER_SCRIPT_SANDBOXING = YES;
				GCC_C_LANGUAGE_STANDARD = gnu17;
				GCC_DYNAMIC_NO_PIC = NO;
				GCC_NO_COMMON_BLOCKS = YES;
				GCC_OPTIMIZATION_LEVEL = 0;
				GCC_PREPROCESSOR_DEFINITIONS = (
					"DEBUG=1",
					"$(inherited)",
				);
				GCC_WARN_64_TO_32_BIT_CONVERSION = YES;
				GCC_WARN_ABOUT_RETURN_TYPE = YES_ERROR;
				GCC_WARN_UNDECLARED_SELECTOR = YES;
				GCC_WARN_UNINITIALIZED_AUTOS = YES_AGGRESSIVE;
				GCC_WARN_UNUSED_FUNCTION = YES;
				GCC_WARN_UNUSED_VARIABLE = YES;
				HEADER_SEARCH_PATHS = (
					"$(inherited)",
					"${PODS_CONFIGURATION_BUILD_DIR}/ReactCommon/ReactCommon.framework/Headers",
					"${PODS_CONFIGURATION_BUILD_DIR}/ReactCommon/ReactCommon.framework/Headers/react/nativemodule/core",
					"${PODS_CONFIGURATION_BUILD_DIR}/ReactCommon-Samples/ReactCommon_Samples.framework/Headers",
					"${PODS_CONFIGURATION_BUILD_DIR}/ReactCommon-Samples/ReactCommon_Samples.framework/Headers/platform/ios",
					"${PODS_CONFIGURATION_BUILD_DIR}/React-Fabric/React_Fabric.framework/Headers/react/renderer/components/view/platform/cxx",
					"${PODS_CONFIGURATION_BUILD_DIR}/React-NativeModulesApple/React_NativeModulesApple.framework/Headers",
					"${PODS_CONFIGURATION_BUILD_DIR}/React-graphics/React_graphics.framework/Headers",
					"${PODS_CONFIGURATION_BUILD_DIR}/React-graphics/React_graphics.framework/Headers/react/renderer/graphics/platform/ios",
				);
				IPHONEOS_DEPLOYMENT_TARGET = 18.1;
				LOCALIZATION_PREFERS_STRING_CATALOGS = YES;
				MTL_ENABLE_DEBUG_INFO = INCLUDE_SOURCE;
				MTL_FAST_MATH = YES;
				ONLY_ACTIVE_ARCH = YES;
				OTHER_LDFLAGS = "$(inherited)  ";
				REACT_NATIVE_PATH = "${PODS_ROOT}/../../node_modules/react-native";
				SDKROOT = iphoneos;
				SWIFT_ACTIVE_COMPILATION_CONDITIONS = "$(inherited) DEBUG";
				SWIFT_OPTIMIZATION_LEVEL = "-Onone";
				USE_HERMES = true;
			};
			name = Debug;
		};
		2B4F154C2D195180004B8838 /* Release */ = {
			isa = XCBuildConfiguration;
			buildSettings = {
				ALWAYS_SEARCH_USER_PATHS = NO;
				ASSETCATALOG_COMPILER_GENERATE_SWIFT_ASSET_SYMBOL_EXTENSIONS = YES;
				CLANG_ANALYZER_NONNULL = YES;
				CLANG_ANALYZER_NUMBER_OBJECT_CONVERSION = YES_AGGRESSIVE;
				CLANG_CXX_LANGUAGE_STANDARD = "c++20";
				CLANG_ENABLE_MODULES = YES;
				CLANG_ENABLE_OBJC_ARC = YES;
				CLANG_ENABLE_OBJC_WEAK = YES;
				CLANG_WARN_BLOCK_CAPTURE_AUTORELEASING = YES;
				CLANG_WARN_BOOL_CONVERSION = YES;
				CLANG_WARN_COMMA = YES;
				CLANG_WARN_CONSTANT_CONVERSION = YES;
				CLANG_WARN_DEPRECATED_OBJC_IMPLEMENTATIONS = YES;
				CLANG_WARN_DIRECT_OBJC_ISA_USAGE = YES_ERROR;
				CLANG_WARN_DOCUMENTATION_COMMENTS = YES;
				CLANG_WARN_EMPTY_BODY = YES;
				CLANG_WARN_ENUM_CONVERSION = YES;
				CLANG_WARN_INFINITE_RECURSION = YES;
				CLANG_WARN_INT_CONVERSION = YES;
				CLANG_WARN_NON_LITERAL_NULL_CONVERSION = YES;
				CLANG_WARN_OBJC_IMPLICIT_RETAIN_SELF = YES;
				CLANG_WARN_OBJC_LITERAL_CONVERSION = YES;
				CLANG_WARN_OBJC_ROOT_CLASS = YES_ERROR;
				CLANG_WARN_QUOTED_INCLUDE_IN_FRAMEWORK_HEADER = YES;
				CLANG_WARN_RANGE_LOOP_ANALYSIS = YES;
				CLANG_WARN_STRICT_PROTOTYPES = YES;
				CLANG_WARN_SUSPICIOUS_MOVE = YES;
				CLANG_WARN_UNGUARDED_AVAILABILITY = YES_AGGRESSIVE;
				CLANG_WARN_UNREACHABLE_CODE = YES;
				CLANG_WARN__DUPLICATE_METHOD_MATCH = YES;
				COPY_PHASE_STRIP = NO;
				DEBUG_INFORMATION_FORMAT = "dwarf-with-dsym";
				ENABLE_NS_ASSERTIONS = NO;
				ENABLE_STRICT_OBJC_MSGSEND = YES;
				ENABLE_USER_SCRIPT_SANDBOXING = YES;
				GCC_C_LANGUAGE_STANDARD = gnu17;
				GCC_NO_COMMON_BLOCKS = YES;
				GCC_WARN_64_TO_32_BIT_CONVERSION = YES;
				GCC_WARN_ABOUT_RETURN_TYPE = YES_ERROR;
				GCC_WARN_UNDECLARED_SELECTOR = YES;
				GCC_WARN_UNINITIALIZED_AUTOS = YES_AGGRESSIVE;
				GCC_WARN_UNUSED_FUNCTION = YES;
				GCC_WARN_UNUSED_VARIABLE = YES;
				HEADER_SEARCH_PATHS = (
					"$(inherited)",
					"${PODS_CONFIGURATION_BUILD_DIR}/ReactCommon/ReactCommon.framework/Headers",
					"${PODS_CONFIGURATION_BUILD_DIR}/ReactCommon/ReactCommon.framework/Headers/react/nativemodule/core",
					"${PODS_CONFIGURATION_BUILD_DIR}/ReactCommon-Samples/ReactCommon_Samples.framework/Headers",
					"${PODS_CONFIGURATION_BUILD_DIR}/ReactCommon-Samples/ReactCommon_Samples.framework/Headers/platform/ios",
					"${PODS_CONFIGURATION_BUILD_DIR}/React-Fabric/React_Fabric.framework/Headers/react/renderer/components/view/platform/cxx",
					"${PODS_CONFIGURATION_BUILD_DIR}/React-NativeModulesApple/React_NativeModulesApple.framework/Headers",
					"${PODS_CONFIGURATION_BUILD_DIR}/React-graphics/React_graphics.framework/Headers",
					"${PODS_CONFIGURATION_BUILD_DIR}/React-graphics/React_graphics.framework/Headers/react/renderer/graphics/platform/ios",
				);
				IPHONEOS_DEPLOYMENT_TARGET = 18.1;
				LOCALIZATION_PREFERS_STRING_CATALOGS = YES;
				MTL_ENABLE_DEBUG_INFO = NO;
				MTL_FAST_MATH = YES;
				OTHER_LDFLAGS = "$(inherited)  ";
				REACT_NATIVE_PATH = "${PODS_ROOT}/../../node_modules/react-native";
				SDKROOT = iphoneos;
				SWIFT_COMPILATION_MODE = wholemodule;
				USE_HERMES = true;
				VALIDATE_PRODUCT = YES;
			};
			name = Release;
		};
		2B4F154E2D195180004B8838 /* Debug */ = {
			isa = XCBuildConfiguration;
			buildSettings = {
				BUNDLE_LOADER = "$(TEST_HOST)";
				CODE_SIGN_STYLE = Automatic;
				CURRENT_PROJECT_VERSION = 1;
				DEVELOPMENT_TEAM = 3NF59D2CW5;
				GENERATE_INFOPLIST_FILE = YES;
				IPHONEOS_DEPLOYMENT_TARGET = 18.1;
				MARKETING_VERSION = 1.0;
				PRODUCT_BUNDLE_IDENTIFIER = com.taiyh.swiftynoteTests;
				PRODUCT_NAME = "$(TARGET_NAME)";
				SWIFT_EMIT_LOC_STRINGS = NO;
				SWIFT_VERSION = 5.0;
				TARGETED_DEVICE_FAMILY = "1,2";
				TEST_HOST = "$(BUILT_PRODUCTS_DIR)/Swiftynote.app/$(BUNDLE_EXECUTABLE_FOLDER_PATH)/Swiftynote";
			};
			name = Debug;
		};
		2B4F154F2D195180004B8838 /* Release */ = {
			isa = XCBuildConfiguration;
			buildSettings = {
				BUNDLE_LOADER = "$(TEST_HOST)";
				CODE_SIGN_STYLE = Automatic;
				CURRENT_PROJECT_VERSION = 1;
				DEVELOPMENT_TEAM = 3NF59D2CW5;
				GENERATE_INFOPLIST_FILE = YES;
				IPHONEOS_DEPLOYMENT_TARGET = 18.1;
				MARKETING_VERSION = 1.0;
				PRODUCT_BUNDLE_IDENTIFIER = com.taiyh.swiftynoteTests;
				PRODUCT_NAME = "$(TARGET_NAME)";
				SWIFT_EMIT_LOC_STRINGS = NO;
				SWIFT_VERSION = 5.0;
				TARGETED_DEVICE_FAMILY = "1,2";
				TEST_HOST = "$(BUILT_PRODUCTS_DIR)/Swiftynote.app/$(BUNDLE_EXECUTABLE_FOLDER_PATH)/Swiftynote";
			};
			name = Release;
		};
		2B4F15512D195180004B8838 /* Debug */ = {
			isa = XCBuildConfiguration;
			buildSettings = {
				CODE_SIGN_STYLE = Automatic;
				CURRENT_PROJECT_VERSION = 1;
				DEVELOPMENT_TEAM = 3NF59D2CW5;
				GENERATE_INFOPLIST_FILE = YES;
				MARKETING_VERSION = 1.0;
				PRODUCT_BUNDLE_IDENTIFIER = com.taiyh.swiftynoteUITests;
				PRODUCT_NAME = "$(TARGET_NAME)";
				SWIFT_EMIT_LOC_STRINGS = NO;
				SWIFT_VERSION = 5.0;
				TARGETED_DEVICE_FAMILY = "1,2";
				TEST_TARGET_NAME = swiftynote;
			};
			name = Debug;
		};
		2B4F15522D195180004B8838 /* Release */ = {
			isa = XCBuildConfiguration;
			buildSettings = {
				CODE_SIGN_STYLE = Automatic;
				CURRENT_PROJECT_VERSION = 1;
				DEVELOPMENT_TEAM = 3NF59D2CW5;
				GENERATE_INFOPLIST_FILE = YES;
				MARKETING_VERSION = 1.0;
				PRODUCT_BUNDLE_IDENTIFIER = com.taiyh.swiftynoteUITests;
				PRODUCT_NAME = "$(TARGET_NAME)";
				SWIFT_EMIT_LOC_STRINGS = NO;
				SWIFT_VERSION = 5.0;
				TARGETED_DEVICE_FAMILY = "1,2";
				TEST_TARGET_NAME = swiftynote;
			};
			name = Release;
		};
/* End XCBuildConfiguration section */

/* Begin XCConfigurationList section */
		2B4F151A2D19517E004B8838 /* Build configuration list for PBXProject "Swiftynote" */ = {
			isa = XCConfigurationList;
			buildConfigurations = (
				2B4F154B2D195180004B8838 /* Debug */,
				2B4F154C2D195180004B8838 /* Release */,
			);
			defaultConfigurationIsVisible = 0;
			defaultConfigurationName = Release;
		};
		2B4F15482D195180004B8838 /* Build configuration list for PBXNativeTarget "Swiftynote" */ = {
			isa = XCConfigurationList;
			buildConfigurations = (
				2B4F15492D195180004B8838 /* Debug */,
				2B4F154A2D195180004B8838 /* Release */,
			);
			defaultConfigurationIsVisible = 0;
			defaultConfigurationName = Release;
		};
		2B4F154D2D195180004B8838 /* Build configuration list for PBXNativeTarget "SwiftynoteTests" */ = {
			isa = XCConfigurationList;
			buildConfigurations = (
				2B4F154E2D195180004B8838 /* Debug */,
				2B4F154F2D195180004B8838 /* Release */,
			);
			defaultConfigurationIsVisible = 0;
			defaultConfigurationName = Release;
		};
		2B4F15502D195180004B8838 /* Build configuration list for PBXNativeTarget "SwiftynoteUITests" */ = {
			isa = XCConfigurationList;
			buildConfigurations = (
				2B4F15512D195180004B8838 /* Debug */,
				2B4F15522D195180004B8838 /* Release */,
			);
			defaultConfigurationIsVisible = 0;
			defaultConfigurationName = Release;
		};
/* End XCConfigurationList section */
	};
	rootObject = 2B4F15172D19517E004B8838 /* Project object */;
}
